// !$*UTF8*$!
{
	archiveVersion = 1;
	classes = {
	};
	objectVersion = 46;
	objects = {

/* Begin PBXBuildFile section */
		31962E5CEADBCD4B3D7BF4BF /* Pods_Loop.framework in Frameworks */ = {isa = PBXBuildFile; fileRef = A3233C3A7A08B124D2707B9E /* Pods_Loop.framework */; };
		CD8A963C1EFC58780055C509 /* AppDelegate.swift in Sources */ = {isa = PBXBuildFile; fileRef = CD8A963B1EFC58780055C509 /* AppDelegate.swift */; };
		CD8A96411EFC58780055C509 /* Main.storyboard in Resources */ = {isa = PBXBuildFile; fileRef = CD8A963F1EFC58780055C509 /* Main.storyboard */; };
		CD8A96441EFC58780055C509 /* Loop.xcdatamodeld in Sources */ = {isa = PBXBuildFile; fileRef = CD8A96421EFC58780055C509 /* Loop.xcdatamodeld */; };
		CD8A96461EFC58780055C509 /* Assets.xcassets in Resources */ = {isa = PBXBuildFile; fileRef = CD8A96451EFC58780055C509 /* Assets.xcassets */; };
		CD8A96491EFC58780055C509 /* LaunchScreen.storyboard in Resources */ = {isa = PBXBuildFile; fileRef = CD8A96471EFC58780055C509 /* LaunchScreen.storyboard */; };
		CD8A96541EFC5C350055C509 /* MapViewController.swift in Sources */ = {isa = PBXBuildFile; fileRef = CD8A96531EFC5C350055C509 /* MapViewController.swift */; };
		CD8A96561EFC65E30055C509 /* LoginViewController.swift in Sources */ = {isa = PBXBuildFile; fileRef = CD8A96551EFC65E30055C509 /* LoginViewController.swift */; };
		CD8A96581EFC77BE0055C509 /* GoogleService-Info.plist in Resources */ = {isa = PBXBuildFile; fileRef = CD8A96571EFC77BE0055C509 /* GoogleService-Info.plist */; };
/* End PBXBuildFile section */

/* Begin PBXFileReference section */
		35D6DA14CC207F5671354A73 /* Pods-Loop.release.xcconfig */ = {isa = PBXFileReference; includeInIndex = 1; lastKnownFileType = text.xcconfig; name = "Pods-Loop.release.xcconfig"; path = "Pods/Target Support Files/Pods-Loop/Pods-Loop.release.xcconfig"; sourceTree = "<group>"; };
		8776EA082016E4022758B1F9 /* Pods-Loop.debug.xcconfig */ = {isa = PBXFileReference; includeInIndex = 1; lastKnownFileType = text.xcconfig; name = "Pods-Loop.debug.xcconfig"; path = "Pods/Target Support Files/Pods-Loop/Pods-Loop.debug.xcconfig"; sourceTree = "<group>"; };
		A3233C3A7A08B124D2707B9E /* Pods_Loop.framework */ = {isa = PBXFileReference; explicitFileType = wrapper.framework; includeInIndex = 0; path = Pods_Loop.framework; sourceTree = BUILT_PRODUCTS_DIR; };
		CD8A96381EFC58780055C509 /* Loop.app */ = {isa = PBXFileReference; explicitFileType = wrapper.application; includeInIndex = 0; path = Loop.app; sourceTree = BUILT_PRODUCTS_DIR; };
		CD8A963B1EFC58780055C509 /* AppDelegate.swift */ = {isa = PBXFileReference; lastKnownFileType = sourcecode.swift; path = AppDelegate.swift; sourceTree = "<group>"; };
		CD8A96401EFC58780055C509 /* Base */ = {isa = PBXFileReference; lastKnownFileType = file.storyboard; name = Base; path = Base.lproj/Main.storyboard; sourceTree = "<group>"; };
		CD8A96431EFC58780055C509 /* Loop.xcdatamodel */ = {isa = PBXFileReference; lastKnownFileType = wrapper.xcdatamodel; path = Loop.xcdatamodel; sourceTree = "<group>"; };
		CD8A96451EFC58780055C509 /* Assets.xcassets */ = {isa = PBXFileReference; lastKnownFileType = folder.assetcatalog; path = Assets.xcassets; sourceTree = "<group>"; };
		CD8A96481EFC58780055C509 /* Base */ = {isa = PBXFileReference; lastKnownFileType = file.storyboard; name = Base; path = Base.lproj/LaunchScreen.storyboard; sourceTree = "<group>"; };
		CD8A964A1EFC58780055C509 /* Info.plist */ = {isa = PBXFileReference; lastKnownFileType = text.plist.xml; path = Info.plist; sourceTree = "<group>"; };
		CD8A96531EFC5C350055C509 /* MapViewController.swift */ = {isa = PBXFileReference; fileEncoding = 4; lastKnownFileType = sourcecode.swift; name = MapViewController.swift; path = ../MapViewController.swift; sourceTree = "<group>"; };
		CD8A96551EFC65E30055C509 /* LoginViewController.swift */ = {isa = PBXFileReference; fileEncoding = 4; lastKnownFileType = sourcecode.swift; path = LoginViewController.swift; sourceTree = "<group>"; };
		CD8A96571EFC77BE0055C509 /* GoogleService-Info.plist */ = {isa = PBXFileReference; fileEncoding = 4; lastKnownFileType = text.plist.xml; name = "GoogleService-Info.plist"; path = "../../../Downloads/GoogleService-Info.plist"; sourceTree = "<group>"; };
/* End PBXFileReference section */

/* Begin PBXFrameworksBuildPhase section */
		CD8A96351EFC58780055C509 /* Frameworks */ = {
			isa = PBXFrameworksBuildPhase;
			buildActionMask = 2147483647;
			files = (
				31962E5CEADBCD4B3D7BF4BF /* Pods_Loop.framework in Frameworks */,
			);
			runOnlyForDeploymentPostprocessing = 0;
		};
/* End PBXFrameworksBuildPhase section */

/* Begin PBXGroup section */
		3FDED9F28B3E6519B68192D6 /* Pods */ = {
			isa = PBXGroup;
			children = (
				8776EA082016E4022758B1F9 /* Pods-Loop.debug.xcconfig */,
				35D6DA14CC207F5671354A73 /* Pods-Loop.release.xcconfig */,
			);
			name = Pods;
			sourceTree = "<group>";
		};
		7938E0FADF73822FF352E25F /* Frameworks */ = {
			isa = PBXGroup;
			children = (
				A3233C3A7A08B124D2707B9E /* Pods_Loop.framework */,
			);
			name = Frameworks;
			sourceTree = "<group>";
		};
		CD8A962F1EFC58780055C509 = {
			isa = PBXGroup;
			children = (
				CD8A963A1EFC58780055C509 /* Loop */,
				CD8A96391EFC58780055C509 /* Products */,
				3FDED9F28B3E6519B68192D6 /* Pods */,
				7938E0FADF73822FF352E25F /* Frameworks */,
			);
			sourceTree = "<group>";
		};
		CD8A96391EFC58780055C509 /* Products */ = {
			isa = PBXGroup;
			children = (
				CD8A96381EFC58780055C509 /* Loop.app */,
			);
			name = Products;
			sourceTree = "<group>";
		};
		CD8A963A1EFC58780055C509 /* Loop */ = {
			isa = PBXGroup;
			children = (
				CD8A96531EFC5C350055C509 /* MapViewController.swift */,
				CD8A963F1EFC58780055C509 /* Main.storyboard */,
				CD8A96551EFC65E30055C509 /* LoginViewController.swift */,
				CD8A96501EFC59C10055C509 /* Supporting Files */,
			);
			path = Loop;
			sourceTree = "<group>";
		};
		CD8A96501EFC59C10055C509 /* Supporting Files */ = {
			isa = PBXGroup;
			children = (
				CD8A963B1EFC58780055C509 /* AppDelegate.swift */,
				CD8A96451EFC58780055C509 /* Assets.xcassets */,
				CD8A96471EFC58780055C509 /* LaunchScreen.storyboard */,
				CD8A964A1EFC58780055C509 /* Info.plist */,
				CD8A96421EFC58780055C509 /* Loop.xcdatamodeld */,
				CD8A96571EFC77BE0055C509 /* GoogleService-Info.plist */,
			);
			name = "Supporting Files";
			sourceTree = "<group>";
		};
/* End PBXGroup section */

/* Begin PBXNativeTarget section */
		CD8A96371EFC58780055C509 /* Loop */ = {
			isa = PBXNativeTarget;
			buildConfigurationList = CD8A964D1EFC58780055C509 /* Build configuration list for PBXNativeTarget "Loop" */;
			buildPhases = (
				98BEC2023241D26CE9ADF566 /* [CP] Check Pods Manifest.lock */,
				CD8A96341EFC58780055C509 /* Sources */,
				CD8A96351EFC58780055C509 /* Frameworks */,
				CD8A96361EFC58780055C509 /* Resources */,
				F7987762F3805F2431B66563 /* [CP] Embed Pods Frameworks */,
				EE4BC8F2A77BF3EF4137BF12 /* [CP] Copy Pods Resources */,
			);
			buildRules = (
			);
			dependencies = (
			);
			name = Loop;
			productName = Loop;
			productReference = CD8A96381EFC58780055C509 /* Loop.app */;
			productType = "com.apple.product-type.application";
		};
/* End PBXNativeTarget section */

/* Begin PBXProject section */
		CD8A96301EFC58780055C509 /* Project object */ = {
			isa = PBXProject;
			attributes = {
				LastSwiftUpdateCheck = 0820;
				LastUpgradeCheck = 0820;
				ORGANIZATIONNAME = rbuzby;
				TargetAttributes = {
					CD8A96371EFC58780055C509 = {
						CreatedOnToolsVersion = 8.2.1;
						DevelopmentTeam = PUCQF5WL25;
						ProvisioningStyle = Automatic;
					};
				};
			};
			buildConfigurationList = CD8A96331EFC58780055C509 /* Build configuration list for PBXProject "Loop" */;
			compatibilityVersion = "Xcode 3.2";
			developmentRegion = English;
			hasScannedForEncodings = 0;
			knownRegions = (
				en,
				Base,
			);
			mainGroup = CD8A962F1EFC58780055C509;
			productRefGroup = CD8A96391EFC58780055C509 /* Products */;
			projectDirPath = "";
			projectRoot = "";
			targets = (
				CD8A96371EFC58780055C509 /* Loop */,
			);
		};
/* End PBXProject section */

/* Begin PBXResourcesBuildPhase section */
		CD8A96361EFC58780055C509 /* Resources */ = {
			isa = PBXResourcesBuildPhase;
			buildActionMask = 2147483647;
			files = (
				CD8A96491EFC58780055C509 /* LaunchScreen.storyboard in Resources */,
				CD8A96461EFC58780055C509 /* Assets.xcassets in Resources */,
				CD8A96411EFC58780055C509 /* Main.storyboard in Resources */,
				CD8A96581EFC77BE0055C509 /* GoogleService-Info.plist in Resources */,
			);
			runOnlyForDeploymentPostprocessing = 0;
		};
/* End PBXResourcesBuildPhase section */

/* Begin PBXShellScriptBuildPhase section */
		98BEC2023241D26CE9ADF566 /* [CP] Check Pods Manifest.lock */ = {
			isa = PBXShellScriptBuildPhase;
			buildActionMask = 2147483647;
			files = (
			);
			inputPaths = (
			);
			name = "[CP] Check Pods Manifest.lock";
			outputPaths = (
			);
			runOnlyForDeploymentPostprocessing = 0;
			shellPath = /bin/sh;
			shellScript = "diff \"${PODS_PODFILE_DIR_PATH}/Podfile.lock\" \"${PODS_ROOT}/Manifest.lock\" > /dev/null\nif [ $? != 0 ] ; then\n    # print error to STDERR\n    echo \"error: The sandbox is not in sync with the Podfile.lock. Run 'pod install' or update your CocoaPods installation.\" >&2\n    exit 1\nfi\n";
			showEnvVarsInLog = 0;
		};
		EE4BC8F2A77BF3EF4137BF12 /* [CP] Copy Pods Resources */ = {
			isa = PBXShellScriptBuildPhase;
			buildActionMask = 2147483647;
			files = (
			);
			inputPaths = (
			);
			name = "[CP] Copy Pods Resources";
			outputPaths = (
			);
			runOnlyForDeploymentPostprocessing = 0;
			shellPath = /bin/sh;
			shellScript = "\"${SRCROOT}/Pods/Target Support Files/Pods-Loop/Pods-Loop-resources.sh\"\n";
			showEnvVarsInLog = 0;
		};
		F7987762F3805F2431B66563 /* [CP] Embed Pods Frameworks */ = {
			isa = PBXShellScriptBuildPhase;
			buildActionMask = 2147483647;
			files = (
			);
			inputPaths = (
			);
			name = "[CP] Embed Pods Frameworks";
			outputPaths = (
			);
			runOnlyForDeploymentPostprocessing = 0;
			shellPath = /bin/sh;
			shellScript = "\"${SRCROOT}/Pods/Target Support Files/Pods-Loop/Pods-Loop-frameworks.sh\"\n";
			showEnvVarsInLog = 0;
		};
/* End PBXShellScriptBuildPhase section */

/* Begin PBXSourcesBuildPhase section */
		CD8A96341EFC58780055C509 /* Sources */ = {
			isa = PBXSourcesBuildPhase;
			buildActionMask = 2147483647;
			files = (
				CD8A96561EFC65E30055C509 /* LoginViewController.swift in Sources */,
				CD8A96441EFC58780055C509 /* Loop.xcdatamodeld in Sources */,
				CD8A96541EFC5C350055C509 /* MapViewController.swift in Sources */,
				CD8A963C1EFC58780055C509 /* AppDelegate.swift in Sources */,
			);
			runOnlyForDeploymentPostprocessing = 0;
		};
/* End PBXSourcesBuildPhase section */

/* Begin PBXVariantGroup section */
		CD8A963F1EFC58780055C509 /* Main.storyboard */ = {
			isa = PBXVariantGroup;
			children = (
				CD8A96401EFC58780055C509 /* Base */,
			);
			name = Main.storyboard;
			sourceTree = "<group>";
		};
		CD8A96471EFC58780055C509 /* LaunchScreen.storyboard */ = {
			isa = PBXVariantGroup;
			children = (
				CD8A96481EFC58780055C509 /* Base */,
			);
			name = LaunchScreen.storyboard;
			sourceTree = "<group>";
		};
/* End PBXVariantGroup section */

/* Begin XCBuildConfiguration section */
		CD8A964B1EFC58780055C509 /* Debug */ = {
			isa = XCBuildConfiguration;
			buildSettings = {
				ALWAYS_SEARCH_USER_PATHS = NO;
				CLANG_ANALYZER_NONNULL = YES;
				CLANG_CXX_LANGUAGE_STANDARD = "gnu++0x";
				CLANG_CXX_LIBRARY = "libc++";
				CLANG_ENABLE_MODULES = YES;
				CLANG_ENABLE_OBJC_ARC = YES;
				CLANG_WARN_BOOL_CONVERSION = YES;
				CLANG_WARN_CONSTANT_CONVERSION = YES;
				CLANG_WARN_DIRECT_OBJC_ISA_USAGE = YES_ERROR;
				CLANG_WARN_DOCUMENTATION_COMMENTS = YES;
				CLANG_WARN_EMPTY_BODY = YES;
				CLANG_WARN_ENUM_CONVERSION = YES;
				CLANG_WARN_INFINITE_RECURSION = YES;
				CLANG_WARN_INT_CONVERSION = YES;
				CLANG_WARN_OBJC_ROOT_CLASS = YES_ERROR;
				CLANG_WARN_SUSPICIOUS_MOVE = YES;
				CLANG_WARN_UNREACHABLE_CODE = YES;
				CLANG_WARN__DUPLICATE_METHOD_MATCH = YES;
				"CODE_SIGN_IDENTITY[sdk=iphoneos*]" = "iPhone Developer";
				COPY_PHASE_STRIP = NO;
				DEBUG_INFORMATION_FORMAT = dwarf;
				ENABLE_STRICT_OBJC_MSGSEND = YES;
				ENABLE_TESTABILITY = YES;
				GCC_C_LANGUAGE_STANDARD = gnu99;
				GCC_DYNAMIC_NO_PIC = NO;
				GCC_NO_COMMON_BLOCKS = YES;
				GCC_OPTIMIZATION_LEVEL = 0;
				GCC_PREPROCESSOR_DEFINITIONS = (
					"DEBUG=1",
					"$(inherited)",
				);
				GCC_WARN_64_TO_32_BIT_CONVERSION = YES;
				GCC_WARN_ABOUT_RETURN_TYPE = YES_ERROR;
				GCC_WARN_UNDECLARED_SELECTOR = YES;
				GCC_WARN_UNINITIALIZED_AUTOS = YES_AGGRESSIVE;
				GCC_WARN_UNUSED_FUNCTION = YES;
				GCC_WARN_UNUSED_VARIABLE = YES;
				IPHONEOS_DEPLOYMENT_TARGET = 10.2;
				MTL_ENABLE_DEBUG_INFO = YES;
				ONLY_ACTIVE_ARCH = YES;
				SDKROOT = iphoneos;
				SWIFT_ACTIVE_COMPILATION_CONDITIONS = DEBUG;
				SWIFT_OPTIMIZATION_LEVEL = "-Onone";
				TARGETED_DEVICE_FAMILY = "1,2";
			};
			name = Debug;
		};
		CD8A964C1EFC58780055C509 /* Release */ = {
			isa = XCBuildConfiguration;
			buildSettings = {
				ALWAYS_SEARCH_USER_PATHS = NO;
				CLANG_ANALYZER_NONNULL = YES;
				CLANG_CXX_LANGUAGE_STANDARD = "gnu++0x";
				CLANG_CXX_LIBRARY = "libc++";
				CLANG_ENABLE_MODULES = YES;
				CLANG_ENABLE_OBJC_ARC = YES;
				CLANG_WARN_BOOL_CONVERSION = YES;
				CLANG_WARN_CONSTANT_CONVERSION = YES;
				CLANG_WARN_DIRECT_OBJC_ISA_USAGE = YES_ERROR;
				CLANG_WARN_DOCUMENTATION_COMMENTS = YES;
				CLANG_WARN_EMPTY_BODY = YES;
				CLANG_WARN_ENUM_CONVERSION = YES;
				CLANG_WARN_INFINITE_RECURSION = YES;
				CLANG_WARN_INT_CONVERSION = YES;
				CLANG_WARN_OBJC_ROOT_CLASS = YES_ERROR;
				CLANG_WARN_SUSPICIOUS_MOVE = YES;
				CLANG_WARN_UNREACHABLE_CODE = YES;
				CLANG_WARN__DUPLICATE_METHOD_MATCH = YES;
				"CODE_SIGN_IDENTITY[sdk=iphoneos*]" = "iPhone Developer";
				COPY_PHASE_STRIP = NO;
				DEBUG_INFORMATION_FORMAT = "dwarf-with-dsym";
				ENABLE_NS_ASSERTIONS = NO;
				ENABLE_STRICT_OBJC_MSGSEND = YES;
				GCC_C_LANGUAGE_STANDARD = gnu99;
				GCC_NO_COMMON_BLOCKS = YES;
				GCC_WARN_64_TO_32_BIT_CONVERSION = YES;
				GCC_WARN_ABOUT_RETURN_TYPE = YES_ERROR;
				GCC_WARN_UNDECLARED_SELECTOR = YES;
				GCC_WARN_UNINITIALIZED_AUTOS = YES_AGGRESSIVE;
				GCC_WARN_UNUSED_FUNCTION = YES;
				GCC_WARN_UNUSED_VARIABLE = YES;
				IPHONEOS_DEPLOYMENT_TARGET = 10.2;
				MTL_ENABLE_DEBUG_INFO = NO;
				SDKROOT = iphoneos;
				SWIFT_OPTIMIZATION_LEVEL = "-Owholemodule";
				TARGETED_DEVICE_FAMILY = "1,2";
				VALIDATE_PRODUCT = YES;
			};
			name = Release;
		};
		CD8A964E1EFC58780055C509 /* Debug */ = {
			isa = XCBuildConfiguration;
			baseConfigurationReference = 8776EA082016E4022758B1F9 /* Pods-Loop.debug.xcconfig */;
			buildSettings = {
				ASSETCATALOG_COMPILER_APPICON_NAME = AppIcon;
				DEVELOPMENT_TEAM = PUCQF5WL25;
				INFOPLIST_FILE = Loop/Info.plist;
				LD_RUNPATH_SEARCH_PATHS = "$(inherited) @executable_path/Frameworks";
				PRODUCT_BUNDLE_IDENTIFIER = com.rbuzby.Loop;
				PRODUCT_NAME = "$(TARGET_NAME)";
				SWIFT_VERSION = 3.0;
			};
			name = Debug;
		};
		CD8A964F1EFC58780055C509 /* Release */ = {
			isa = XCBuildConfiguration;
			baseConfigurationReference = 35D6DA14CC207F5671354A73 /* Pods-Loop.release.xcconfig */;
			buildSettings = {
				ASSETCATALOG_COMPILER_APPICON_NAME = AppIcon;
				DEVELOPMENT_TEAM = PUCQF5WL25;
				INFOPLIST_FILE = Loop/Info.plist;
				LD_RUNPATH_SEARCH_PATHS = "$(inherited) @executable_path/Frameworks";
				PRODUCT_BUNDLE_IDENTIFIER = com.rbuzby.Loop;
				PRODUCT_NAME = "$(TARGET_NAME)";
				SWIFT_VERSION = 3.0;
			};
			name = Release;
		};
/* End XCBuildConfiguration section */

/* Begin XCConfigurationList section */
		CD8A96331EFC58780055C509 /* Build configuration list for PBXProject "Loop" */ = {
			isa = XCConfigurationList;
			buildConfigurations = (
				CD8A964B1EFC58780055C509 /* Debug */,
				CD8A964C1EFC58780055C509 /* Release */,
			);
			defaultConfigurationIsVisible = 0;
			defaultConfigurationName = Release;
		};
		CD8A964D1EFC58780055C509 /* Build configuration list for PBXNativeTarget "Loop" */ = {
			isa = XCConfigurationList;
			buildConfigurations = (
				CD8A964E1EFC58780055C509 /* Debug */,
				CD8A964F1EFC58780055C509 /* Release */,
			);
			defaultConfigurationIsVisible = 0;
			defaultConfigurationName = Release;
		};
/* End XCConfigurationList section */

/* Begin XCVersionGroup section */
		CD8A96421EFC58780055C509 /* Loop.xcdatamodeld */ = {
			isa = XCVersionGroup;
			children = (
				CD8A96431EFC58780055C509 /* Loop.xcdatamodel */,
			);
			currentVersion = CD8A96431EFC58780055C509 /* Loop.xcdatamodel */;
			path = Loop.xcdatamodeld;
			sourceTree = "<group>";
			versionGroupType = wrapper.xcdatamodel;
		};
/* End XCVersionGroup section */
	};
	rootObject = CD8A96301EFC58780055C509 /* Project object */;
}
